<?xml version="1.0" encoding="utf-8"?>
<Project ToolsVersion="4.0" xmlns="http://schemas.microsoft.com/developer/msbuild/2003">
  <ItemGroup>
    <Filter Include="Project">
      <UniqueIdentifier>{575d5432-2586-4289-8114-4392ea3cc41a}</UniqueIdentifier>
    </Filter>
    <Filter Include="Project\Utility">
      <UniqueIdentifier>{4ff84e4a-9b22-4940-9d30-44a4c3353dee}</UniqueIdentifier>
    </Filter>
    <Filter Include="Project\Graphics">
      <UniqueIdentifier>{055e3f10-3589-48b8-97da-3d8daea8c5a7}</UniqueIdentifier>
    </Filter>
    <Filter Include="Project\Tracking">
      <UniqueIdentifier>{b64442c1-7d64-4166-9736-48692accfc91}</UniqueIdentifier>
    </Filter>
    <Filter Include="Project\Collections">
      <UniqueIdentifier>{ab0db740-a487-4c1a-bfc4-5d32af3cb77d}</UniqueIdentifier>
    </Filter>
    <Filter Include="Project\Input">
      <UniqueIdentifier>{0f947c39-5af6-49ef-986f-7cab58ca934a}</UniqueIdentifier>
    </Filter>
    <Filter Include="Project\Timing">
      <UniqueIdentifier>{b914078d-3edb-4fde-9cf6-4c1d71d828db}</UniqueIdentifier>
    </Filter>
    <Filter Include="Project\Units">
      <UniqueIdentifier>{97262524-3f5f-477d-bcf4-42760b801346}</UniqueIdentifier>
    </Filter>
    <Filter Include="Project\Events">
      <UniqueIdentifier>{14106788-6c18-42b5-a48e-01190208768e}</UniqueIdentifier>
    </Filter>
    <Filter Include="Project\Events\EventData">
      <UniqueIdentifier>{90eaa58e-1fd5-4312-9a8c-db50138dcea4}</UniqueIdentifier>
    </Filter>
    <Filter Include="Project\Assets">
      <UniqueIdentifier>{475cd95f-b30e-4e95-ba21-e678bf85aa6e}</UniqueIdentifier>
    </Filter>
  </ItemGroup>
  <ItemGroup>
    <ClCompile Include="Main.cpp">
      <Filter>Project</Filter>
    </ClCompile>
    <ClCompile Include="Util.cpp">
      <Filter>Project\Utility</Filter>
    </ClCompile>
    <ClCompile Include="Program.cpp">
      <Filter>Project</Filter>
    </ClCompile>
    <ClCompile Include="Sprite.cpp">
      <Filter>Project\Graphics</Filter>
    </ClCompile>
    <ClCompile Include="Texture.cpp">
      <Filter>Project\Graphics</Filter>
    </ClCompile>
    <ClCompile Include="Font.cpp">
      <Filter>Project\Graphics</Filter>
    </ClCompile>
    <ClCompile Include="InputManager.cpp">
      <Filter>Project\Input</Filter>
    </ClCompile>
    <ClCompile Include="MemoryTracker.cpp">
      <Filter>Project\Tracking</Filter>
    </ClCompile>
    <ClCompile Include="TrackedObject.cpp">
      <Filter>Project\Tracking</Filter>
    </ClCompile>
    <ClCompile Include="RenderedTextBuffer.cpp">
      <Filter>Project\Graphics</Filter>
    </ClCompile>
    <ClCompile Include="Unit.cpp">
      <Filter>Project\Units</Filter>
    </ClCompile>
    <ClCompile Include="Animation.cpp">
      <Filter>Project\Graphics</Filter>
    </ClCompile>
    <ClCompile Include="Event.cpp">
      <Filter>Project\Events</Filter>
    </ClCompile>
    <ClCompile Include="IEventDispatcher.cpp">
      <Filter>Project\Events</Filter>
    </ClCompile>
    <ClCompile Include="UnitManager.cpp" />
    <ClCompile Include="DataManager.cpp">
      <Filter>Project\Utility</Filter>
    </ClCompile>
    <ClCompile Include="IFrameListener.cpp">
      <Filter>Project</Filter>
    </ClCompile>
  </ItemGroup>
  <ItemGroup>
    <ClInclude Include="Util.h">
      <Filter>Project\Utility</Filter>
    </ClInclude>
    <ClInclude Include="Types.h">
      <Filter>Project\Utility</Filter>
    </ClInclude>
    <ClInclude Include="Program.h">
      <Filter>Project</Filter>
    </ClInclude>
    <ClInclude Include="Sprite.h">
      <Filter>Project\Graphics</Filter>
    </ClInclude>
    <ClInclude Include="Texture.h">
      <Filter>Project\Graphics</Filter>
    </ClInclude>
    <ClInclude Include="Font.h">
      <Filter>Project\Graphics</Filter>
    </ClInclude>
    <ClInclude Include="Benchmark.h">
      <Filter>Project\Utility</Filter>
    </ClInclude>
    <ClInclude Include="InputManager.h">
      <Filter>Project\Input</Filter>
    </ClInclude>
    <ClInclude Include="ArrayList.h">
      <Filter>Project\Collections</Filter>
    </ClInclude>
    <ClInclude Include="Map.h">
      <Filter>Project\Collections</Filter>
    </ClInclude>
    <ClInclude Include="MemoryTracker.h">
      <Filter>Project\Tracking</Filter>
    </ClInclude>
    <ClInclude Include="TrackedObject.h">
      <Filter>Project\Tracking</Filter>
    </ClInclude>
    <ClInclude Include="RenderedTextBuffer.h">
      <Filter>Project\Graphics</Filter>
    </ClInclude>
    <ClInclude Include="TimeInfo.h">
      <Filter>Project\Timing</Filter>
    </ClInclude>
    <ClInclude Include="Unit.h">
      <Filter>Project\Units</Filter>
    </ClInclude>
    <ClInclude Include="Animation.h">
      <Filter>Project\Graphics</Filter>
    </ClInclude>
    <ClInclude Include="Callbacks.h">
      <Filter>Project\Events</Filter>
    </ClInclude>
    <ClInclude Include="Delegate.h">
      <Filter>Project\Events</Filter>
    </ClInclude>
    <ClInclude Include="Event.h">
      <Filter>Project\Events</Filter>
    </ClInclude>
    <ClInclude Include="IEventDispatcher.h">
      <Filter>Project\Events</Filter>
    </ClInclude>
    <ClInclude Include="UpdateEventData.h">
      <Filter>Project\Events\EventData</Filter>
    </ClInclude>
    <ClInclude Include="UnitManager.h" />
    <ClInclude Include="DataManager.h">
      <Filter>Project\Utility</Filter>
    </ClInclude>
    <ClInclude Include="IFrameListener.h">
      <Filter>Project</Filter>
    </ClInclude>
  </ItemGroup>
  <ItemGroup>
    <Text Include="GameData.txt">
      <Filter>Project</Filter>
    </Text>
  </ItemGroup>
  <ItemGroup>
    <Image Include="..\Assets\WalkingPerson.png">
      <Filter>Project\Assets</Filter>
    </Image>
  </ItemGroup>
</Project>