<?xml version="1.0" encoding="utf-8"?>
<Project ToolsVersion="4.0" xmlns="http://schemas.microsoft.com/developer/msbuild/2003">
  <ItemGroup>
    <Filter Include="Project">
      <UniqueIdentifier>{575d5432-2586-4289-8114-4392ea3cc41a}</UniqueIdentifier>
    </Filter>
    <Filter Include="Project\Utility">
      <UniqueIdentifier>{4ff84e4a-9b22-4940-9d30-44a4c3353dee}</UniqueIdentifier>
    </Filter>
    <Filter Include="Project\Graphics">
      <UniqueIdentifier>{055e3f10-3589-48b8-97da-3d8daea8c5a7}</UniqueIdentifier>
    </Filter>
    <Filter Include="Project\Units">
      <UniqueIdentifier>{b435e1de-242a-4ce3-a4bc-a54b9e337e3f}</UniqueIdentifier>
    </Filter>
  </ItemGroup>
  <ItemGroup>
    <ClCompile Include="Main.cpp">
      <Filter>Project</Filter>
    </ClCompile>
    <ClCompile Include="Util.cpp">
      <Filter>Project\Utility</Filter>
    </ClCompile>
    <ClCompile Include="Program.cpp">
      <Filter>Project</Filter>
    </ClCompile>
    <ClCompile Include="Sprite.cpp">
      <Filter>Project\Graphics</Filter>
    </ClCompile>
    <ClCompile Include="Texture.cpp">
      <Filter>Project\Graphics</Filter>
    </ClCompile>
    <ClCompile Include="Font.cpp">
      <Filter>Project\Graphics</Filter>
    </ClCompile>
    <ClCompile Include="Unit.cpp">
      <Filter>Project\Units</Filter>
    </ClCompile>
  </ItemGroup>
  <ItemGroup>
    <ClInclude Include="Util.h">
      <Filter>Project\Utility</Filter>
    </ClInclude>
    <ClInclude Include="Types.h">
      <Filter>Project\Utility</Filter>
    </ClInclude>
    <ClInclude Include="Program.h">
      <Filter>Project</Filter>
    </ClInclude>
    <ClInclude Include="Sprite.h">
      <Filter>Project\Graphics</Filter>
    </ClInclude>
    <ClInclude Include="Texture.h">
      <Filter>Project\Graphics</Filter>
    </ClInclude>
    <ClInclude Include="Font.h">
      <Filter>Project\Graphics</Filter>
    </ClInclude>
    <ClInclude Include="Unit.h">
      <Filter>Project\Units</Filter>
    </ClInclude>
  </ItemGroup>
</Project>